
Microsoft Visual Studio Solution File, Format Version 12.00
Project("{2150E333-8FDC-42A3-9474-1A3956D46DE8}") = "tests", "tests", "{E4F44219-CA92-406D-9889-169B01F1D634}"
EndProject
Project("{2150E333-8FDC-42A3-9474-1A3956D46DE8}") = "common", "common", "{D4569B9B-C7E0-4C92-9328-D39ABD2D5F69}"
ProjectSection(SolutionItems) = preProject
	.gitignore = .gitignore
	readme.md = readme.md
	Dockerfile = Dockerfile
	docker-compose.yml = docker-compose.yml
	entrypoint.sh = entrypoint.sh
EndProjectSection
EndProject
Project("{2150E333-8FDC-42A3-9474-1A3956D46DE8}") = "src", "src", "{17DFC49C-F9EA-4196-B481-A00E45EF6B56}"
EndProject
Project("{FAE04EC0-301F-11D3-BF4B-00C04F79EFBC}") = "OzonEdu.MerchandiseService", "src\OzonEdu.MerchandiseService\OzonEdu.MerchandiseService.csproj", "{3BF34573-2790-4221-9EDF-3081C5CB90FC}"
EndProject
Project("{FAE04EC0-301F-11D3-BF4B-00C04F79EFBC}") = "OzonEdu.MerchandiseService.HttpModels", "src\OzonEdu.MerchandiseService.HttpModels\OzonEdu.MerchandiseService.HttpModels.csproj", "{71EC0612-B5AE-49E3-AFE3-E63D8285FC1A}"
EndProject
Project("{FAE04EC0-301F-11D3-BF4B-00C04F79EFBC}") = "OzonEdu.MerchandiseService.HttpClients", "src\OzonEdu.MerchandiseService.HttpClients\OzonEdu.MerchandiseService.HttpClients.csproj", "{0F930F98-9386-4DB4-8457-1254DD31BF5A}"
EndProject
Project("{FAE04EC0-301F-11D3-BF4B-00C04F79EFBC}") = "OzonEdu.MerchandiseService.Grpc", "src\OzonEdu.MerchandiseService.Grpc\OzonEdu.MerchandiseService.Grpc.csproj", "{55C47C94-5BB2-4039-B063-CA2FCE1DE553}"
EndProject
Project("{FAE04EC0-301F-11D3-BF4B-00C04F79EFBC}") = "OzonEdu.MerchandiseService.GrpcClient", "src\OzonEdu.MerchandiseService.GrpcClient\OzonEdu.MerchandiseService.GrpcClient.csproj", "{E0E85CB2-17FD-4421-A69C-785DFA2C949E}"
EndProject
Project("{FAE04EC0-301F-11D3-BF4B-00C04F79EFBC}") = "OzonEdu.MerchandiseService.HttpClientImitator", "src\OzonEdu.MerchandiseService.HttpClientImitator\OzonEdu.MerchandiseService.HttpClientImitator.csproj", "{0F9B3754-F690-4833-A7CB-A6E6457C0C30}"
EndProject
Project("{FAE04EC0-301F-11D3-BF4B-00C04F79EFBC}") = "OzonEdu.MerchandiseService.Infrastructure", "src\OzonEdu.MerchandiseService.Infrastructure\OzonEdu.MerchandiseService.Infrastructure.csproj", "{E918CED3-BB8C-4F53-9820-99956DFA730E}"
EndProject
Project("{FAE04EC0-301F-11D3-BF4B-00C04F79EFBC}") = "OzonEdu.MerchandiseService.Domain", "src\OzonEdu.MerchandiseService.Domain\OzonEdu.MerchandiseService.Domain.csproj", "{C43E1B98-A4F1-453E-BA85-B8D70B46D99B}"
EndProject
Project("{FAE04EC0-301F-11D3-BF4B-00C04F79EFBC}") = "OzonEdu.MerchandiseService.Domain.Tests", "tests\OzonEdu.MerchandiseService.Domain.Tests\OzonEdu.MerchandiseService.Domain.Tests.csproj", "{CAE03F92-0DE3-4DA0-B64A-B31BCA190B2B}"
EndProject
Project("{FAE04EC0-301F-11D3-BF4B-00C04F79EFBC}") = "OzonEdu.MerchandiseService.Migrator", "src\OzonEdu.MerchandiseService.Migrator\OzonEdu.MerchandiseService.Migrator.csproj", "{B6882636-EEB7-46CE-96D9-F14597FFBC44}"
EndProject
Global
	GlobalSection(SolutionConfigurationPlatforms) = preSolution
		Debug|Any CPU = Debug|Any CPU
		Release|Any CPU = Release|Any CPU
	EndGlobalSection
	GlobalSection(NestedProjects) = preSolution
		{3BF34573-2790-4221-9EDF-3081C5CB90FC} = {17DFC49C-F9EA-4196-B481-A00E45EF6B56}
		{71EC0612-B5AE-49E3-AFE3-E63D8285FC1A} = {17DFC49C-F9EA-4196-B481-A00E45EF6B56}
		{0F930F98-9386-4DB4-8457-1254DD31BF5A} = {17DFC49C-F9EA-4196-B481-A00E45EF6B56}
		{55C47C94-5BB2-4039-B063-CA2FCE1DE553} = {17DFC49C-F9EA-4196-B481-A00E45EF6B56}
		{E0E85CB2-17FD-4421-A69C-785DFA2C949E} = {17DFC49C-F9EA-4196-B481-A00E45EF6B56}
		{0F9B3754-F690-4833-A7CB-A6E6457C0C30} = {17DFC49C-F9EA-4196-B481-A00E45EF6B56}
		{E918CED3-BB8C-4F53-9820-99956DFA730E} = {17DFC49C-F9EA-4196-B481-A00E45EF6B56}
		{C43E1B98-A4F1-453E-BA85-B8D70B46D99B} = {17DFC49C-F9EA-4196-B481-A00E45EF6B56}
		{CAE03F92-0DE3-4DA0-B64A-B31BCA190B2B} = {E4F44219-CA92-406D-9889-169B01F1D634}
		{B6882636-EEB7-46CE-96D9-F14597FFBC44} = {17DFC49C-F9EA-4196-B481-A00E45EF6B56}
	EndGlobalSection
	GlobalSection(ProjectConfigurationPlatforms) = postSolution
		{3BF34573-2790-4221-9EDF-3081C5CB90FC}.Debug|Any CPU.ActiveCfg = Debug|Any CPU
		{3BF34573-2790-4221-9EDF-3081C5CB90FC}.Debug|Any CPU.Build.0 = Debug|Any CPU
		{3BF34573-2790-4221-9EDF-3081C5CB90FC}.Release|Any CPU.ActiveCfg = Release|Any CPU
		{3BF34573-2790-4221-9EDF-3081C5CB90FC}.Release|Any CPU.Build.0 = Release|Any CPU
		{71EC0612-B5AE-49E3-AFE3-E63D8285FC1A}.Debug|Any CPU.ActiveCfg = Debug|Any CPU
		{71EC0612-B5AE-49E3-AFE3-E63D8285FC1A}.Debug|Any CPU.Build.0 = Debug|Any CPU
		{71EC0612-B5AE-49E3-AFE3-E63D8285FC1A}.Release|Any CPU.ActiveCfg = Release|Any CPU
		{71EC0612-B5AE-49E3-AFE3-E63D8285FC1A}.Release|Any CPU.Build.0 = Release|Any CPU
		{0F930F98-9386-4DB4-8457-1254DD31BF5A}.Debug|Any CPU.ActiveCfg = Debug|Any CPU
		{0F930F98-9386-4DB4-8457-1254DD31BF5A}.Debug|Any CPU.Build.0 = Debug|Any CPU
		{0F930F98-9386-4DB4-8457-1254DD31BF5A}.Release|Any CPU.ActiveCfg = Release|Any CPU
		{0F930F98-9386-4DB4-8457-1254DD31BF5A}.Release|Any CPU.Build.0 = Release|Any CPU
		{55C47C94-5BB2-4039-B063-CA2FCE1DE553}.Debug|Any CPU.ActiveCfg = Debug|Any CPU
		{55C47C94-5BB2-4039-B063-CA2FCE1DE553}.Debug|Any CPU.Build.0 = Debug|Any CPU
		{55C47C94-5BB2-4039-B063-CA2FCE1DE553}.Release|Any CPU.ActiveCfg = Release|Any CPU
		{55C47C94-5BB2-4039-B063-CA2FCE1DE553}.Release|Any CPU.Build.0 = Release|Any CPU
		{E0E85CB2-17FD-4421-A69C-785DFA2C949E}.Debug|Any CPU.ActiveCfg = Debug|Any CPU
		{E0E85CB2-17FD-4421-A69C-785DFA2C949E}.Debug|Any CPU.Build.0 = Debug|Any CPU
		{E0E85CB2-17FD-4421-A69C-785DFA2C949E}.Release|Any CPU.ActiveCfg = Release|Any CPU
		{E0E85CB2-17FD-4421-A69C-785DFA2C949E}.Release|Any CPU.Build.0 = Release|Any CPU
		{0F9B3754-F690-4833-A7CB-A6E6457C0C30}.Debug|Any CPU.ActiveCfg = Debug|Any CPU
		{0F9B3754-F690-4833-A7CB-A6E6457C0C30}.Debug|Any CPU.Build.0 = Debug|Any CPU
		{0F9B3754-F690-4833-A7CB-A6E6457C0C30}.Release|Any CPU.ActiveCfg = Release|Any CPU
		{0F9B3754-F690-4833-A7CB-A6E6457C0C30}.Release|Any CPU.Build.0 = Release|Any CPU
		{E918CED3-BB8C-4F53-9820-99956DFA730E}.Debug|Any CPU.ActiveCfg = Debug|Any CPU
		{E918CED3-BB8C-4F53-9820-99956DFA730E}.Debug|Any CPU.Build.0 = Debug|Any CPU
		{E918CED3-BB8C-4F53-9820-99956DFA730E}.Release|Any CPU.ActiveCfg = Release|Any CPU
		{E918CED3-BB8C-4F53-9820-99956DFA730E}.Release|Any CPU.Build.0 = Release|Any CPU
		{C43E1B98-A4F1-453E-BA85-B8D70B46D99B}.Debug|Any CPU.ActiveCfg = Debug|Any CPU
		{C43E1B98-A4F1-453E-BA85-B8D70B46D99B}.Debug|Any CPU.Build.0 = Debug|Any CPU
		{C43E1B98-A4F1-453E-BA85-B8D70B46D99B}.Release|Any CPU.ActiveCfg = Release|Any CPU
		{C43E1B98-A4F1-453E-BA85-B8D70B46D99B}.Release|Any CPU.Build.0 = Release|Any CPU
		{CAE03F92-0DE3-4DA0-B64A-B31BCA190B2B}.Debug|Any CPU.ActiveCfg = Debug|Any CPU
		{CAE03F92-0DE3-4DA0-B64A-B31BCA190B2B}.Debug|Any CPU.Build.0 = Debug|Any CPU
		{CAE03F92-0DE3-4DA0-B64A-B31BCA190B2B}.Release|Any CPU.ActiveCfg = Release|Any CPU
		{CAE03F92-0DE3-4DA0-B64A-B31BCA190B2B}.Release|Any CPU.Build.0 = Release|Any CPU
		{B6882636-EEB7-46CE-96D9-F14597FFBC44}.Debug|Any CPU.ActiveCfg = Debug|Any CPU
		{B6882636-EEB7-46CE-96D9-F14597FFBC44}.Debug|Any CPU.Build.0 = Debug|Any CPU
		{B6882636-EEB7-46CE-96D9-F14597FFBC44}.Release|Any CPU.ActiveCfg = Release|Any CPU
		{B6882636-EEB7-46CE-96D9-F14597FFBC44}.Release|Any CPU.Build.0 = Release|Any CPU
	EndGlobalSection
EndGlobal
